Microsoft Visual Studio Solution File, Format Version 12.00
# Visual Studio Version 17
VisualStudioVersion = 17.0.31903.59
MinimumVisualStudioVersion = 10.0.40219.1
Project("{2150E333-8FDC-42A3-9474-1A3956D46DE8}") = "src", "src", "{419A6ACE-0419-4315-A6FB-B0E63D39432E}"
EndProject
Project("{2150E333-8FDC-42A3-9474-1A3956D46DE8}") = "tests", "tests", "{15EA4737-125B-4E6E-A806-E13B7EBCDCCF}"
EndProject
Project("{2150E333-8FDC-42A3-9474-1A3956D46DE8}") = "Solution Items", "Solution Items", "{0BD72BEA-EF42-4B72-8B69-12A39EC76FBA}"
	ProjectSection(SolutionItems) = preProject
		.dockerignore = .dockerignore
		.editorconfig = .editorconfig
		.env = .env
		Directory.Packages.props = Directory.Packages.props
		.github\workflows\dotnetcore.yml = .github\workflows\dotnetcore.yml
		README.md = README.md
	EndProjectSection
EndProject
Project("{2150E333-8FDC-42A3-9474-1A3956D46DE8}") = "ProductCatalog", "ProductCatalog", "{8F1A7098-EFF1-4989-938A-F7916E659977}"
EndProject
Project("{2150E333-8FDC-42A3-9474-1A3956D46DE8}") = "BackOffice", "BackOffice", "{FF3B32C7-723F-404B-B81A-DBCDD46754CF}"
EndProject
Project("{2150E333-8FDC-42A3-9474-1A3956D46DE8}") = "Identity", "Identity", "{A378C569-AE07-4439-8D93-B1A595E1467C}"
EndProject
Project("{9A19103F-16F7-4668-BE54-9A1E7A4F7556}") = "Identity.Api", "src\Identity\Identity.Api\Identity.Api.csproj", "{CC4C9AB9-CBD4-4B09-8BB2-29A024F79EE8}"
EndProject
Project("{9A19103F-16F7-4668-BE54-9A1E7A4F7556}") = "IdentityServer4", "src\Identity\Identity.Server\src\IdentityServer4.csproj", "{32D460A5-1F09-4F8A-AB9B-B2A571A90F76}"
EndProject
Project("{2150E333-8FDC-42A3-9474-1A3956D46DE8}") = "Retail", "Retail", "{7E9A8254-5C6D-4E04-B56D-5A6C5C95305E}"
EndProject
Project("{9A19103F-16F7-4668-BE54-9A1E7A4F7556}") = "Retail.Api", "src\Retail\Retail.Api\Retail.Api.csproj", "{08BCA707-8E33-4F82-8897-CF14C42BBF04}"
EndProject
Project("{9A19103F-16F7-4668-BE54-9A1E7A4F7556}") = "Retail.Core", "src\Retail\Retail.Core\Retail.Core.csproj", "{0538CDF6-474A-46BA-AE49-A983D3C42C8C}"
EndProject
Project("{2150E333-8FDC-42A3-9474-1A3956D46DE8}") = "Gateways", "Gateways", "{1F46B3C2-941F-416E-985B-069C4461A2D9}"
EndProject
Project("{9A19103F-16F7-4668-BE54-9A1E7A4F7556}") = "WebAppsGateway", "src\Gateways\WebAppsGateway\WebAppsGateway.csproj", "{88D1F9DD-0E9D-476D-9CC2-78B9CEEE4B98}"
EndProject
Project("{2150E333-8FDC-42A3-9474-1A3956D46DE8}") = "Infrastructure", "Infrastructure", "{BE3FB256-472F-4424-B0D2-A31B37EC7229}"
EndProject
Project("{9A19103F-16F7-4668-BE54-9A1E7A4F7556}") = "Retail.Application", "src\Retail\Retail.Application\Retail.Application.csproj", "{790A7E4C-C4D0-4B65-84AF-BFCDB5283D26}"
EndProject
Project("{9A19103F-16F7-4668-BE54-9A1E7A4F7556}") = "Retail.Data", "src\Retail\Retail.Data\Retail.Data.csproj", "{D6C27319-83BD-4420-877E-E3FE7C8B07BA}"
EndProject
Project("{9A19103F-16F7-4668-BE54-9A1E7A4F7556}") = "Infrastructure.Messaging.Kafka.UnitTests", "tests\Infrastructure\Infrastructure.Messaging.Kafka.UnitTests\Infrastructure.Messaging.Kafka.UnitTests.csproj", "{8E9DB2C2-DBCF-48A5-B7EE-F92A7E89D903}"
EndProject
Project("{9A19103F-16F7-4668-BE54-9A1E7A4F7556}") = "Infrastructure.Serialization.JsonText.UnitTests", "tests\Infrastructure\Infrastructure.Serialization.JsonText.UnitTests\Infrastructure.Serialization.JsonText.UnitTests.csproj", "{06823BE3-86FC-4FF8-9BAA-1BBDFB6A0AC9}"
EndProject
Project("{2150E333-8FDC-42A3-9474-1A3956D46DE8}") = "Shared", "Shared", "{5B8B3789-2B98-494A-A4A0-27FC4CDEB850}"
EndProject
Project("{9A19103F-16F7-4668-BE54-9A1E7A4F7556}") = "Infrastructure.Messaging.Abstraction", "src\Shared\Infrastructure\Infrastructure.Messaging.Abstraction\Infrastructure.Messaging.Abstraction.csproj", "{7A5CA8A8-EB7E-439F-BE2C-A6BE187E25B4}"
EndProject
Project("{9A19103F-16F7-4668-BE54-9A1E7A4F7556}") = "Infrastructure.Messaging.Kafka", "src\Shared\Infrastructure\Infrastructure.Messaging.Kafka\Infrastructure.Messaging.Kafka.csproj", "{436B94CB-26D9-4BBE-A0E3-45FCA4BAA443}"
EndProject
Project("{9A19103F-16F7-4668-BE54-9A1E7A4F7556}") = "Infrastructure.Serialization.Abstraction", "src\Shared\Infrastructure\Infrastructure.Serialization.Abstraction\Infrastructure.Serialization.Abstraction.csproj", "{93BC84D8-5039-45B1-AF02-26F2FD40A91A}"
EndProject
Project("{9A19103F-16F7-4668-BE54-9A1E7A4F7556}") = "Infrastructure.Serialization.JsonText", "src\Shared\Infrastructure\Infrastructure.Serialization.JsonText\Infrastructure.Serialization.JsonText.csproj", "{CCC4549D-C0DD-4F1A-8D2F-E305696A0D73}"
EndProject
Project("{2150E333-8FDC-42A3-9474-1A3956D46DE8}") = "Contracts", "Contracts", "{88950EB9-3765-4099-9F39-F477AEB91572}"
EndProject
Project("{2150E333-8FDC-42A3-9474-1A3956D46DE8}") = "Infrastructure", "Infrastructure", "{6C43795C-E54D-4E98-BF7F-62AE5FC6DD68}"
EndProject
Project("{9A19103F-16F7-4668-BE54-9A1E7A4F7556}") = "Contracts.Events", "src\Shared\Contracts\Contracts.Events\Contracts.Events.csproj", "{63095238-EAAE-4E3A-92F3-8BAC2F24633A}"
EndProject
Project("{9A19103F-16F7-4668-BE54-9A1E7A4F7556}") = "Contracts.Dtos", "src\Shared\Contracts\Contracts.Dtos\Contracts.Dtos.csproj", "{5E3AC963-88D7-4BA9-8212-93CF08E78D53}"
EndProject
Project("{2150E333-8FDC-42A3-9474-1A3956D46DE8}") = "Core", "Core", "{1D640250-392E-4396-93EE-D985DAFBEF7B}"
EndProject
Project("{9A19103F-16F7-4668-BE54-9A1E7A4F7556}") = "Core.Abstraction", "src\Shared\Core\Core.Abstraction\Core.Abstraction.csproj", "{9F22633F-7DB6-4A31-84D4-E744415B641A}"
EndProject
Project("{2150E333-8FDC-42A3-9474-1A3956D46DE8}") = "UI", "UI", "{9E9516DF-14A6-4C6B-B45A-EF5A6572EA8A}"
EndProject
Project("{9A19103F-16F7-4668-BE54-9A1E7A4F7556}") = "UI.Razor", "src\Shared\UI\UI.RazorComponents\UI.Razor.csproj", "{8D412583-B465-4DE0-80A8-2F616F6C9956}"
EndProject
Project("{2150E333-8FDC-42A3-9474-1A3956D46DE8}") = "WebApps", "WebApps", "{BF80B70F-917D-4C88-B8FE-4EE16CA8C203}"
EndProject
Project("{9A19103F-16F7-4668-BE54-9A1E7A4F7556}") = "BackOffice.Core", "src\WebApps\BackOffice\BackOffice.Core\BackOffice.Core.csproj", "{C9F2D9A6-9C11-4A82-AAB7-7CED4C923DC4}"
EndProject
Project("{9A19103F-16F7-4668-BE54-9A1E7A4F7556}") = "BackOffice.Application", "src\WebApps\BackOffice\BackOffice.Application\BackOffice.Application.csproj", "{C4181027-5F99-4F5B-B330-D17D10D86549}"
EndProject
Project("{9A19103F-16F7-4668-BE54-9A1E7A4F7556}") = "BackOffice.Client", "src\WebApps\BackOffice\BackOffice.Client\BackOffice.Client.csproj", "{167BEE7B-006C-4847-9F0D-02829E5C24F3}"
EndProject
Project("{2150E333-8FDC-42A3-9474-1A3956D46DE8}") = "RetailAssistant", "RetailAssistant", "{1D91FEC3-6E74-4EF7-BBB6-8F70D14AE95D}"
EndProject
Project("{9A19103F-16F7-4668-BE54-9A1E7A4F7556}") = "RetailAssistant.Client", "src\WebApps\RetailAssistant\RetailAssistant.Client\RetailAssistant.Client.csproj", "{3E3BE4A1-BFA7-4364-839C-26B3BC00F6BB}"
EndProject
Project("{9A19103F-16F7-4668-BE54-9A1E7A4F7556}") = "RetailAssistant.Core", "src\WebApps\RetailAssistant\RetailAssistant.Core\RetailAssistant.Core.csproj", "{D24C51BA-BDDE-40FF-B105-967B07CB71A9}"
EndProject
Project("{9A19103F-16F7-4668-BE54-9A1E7A4F7556}") = "RetailAssistant.Application", "src\WebApps\RetailAssistant\RetailAssistant.Application\RetailAssistant.Application.csproj", "{0C43CB10-260B-4419-908E-ECFE3B4C7E2A}"
EndProject
Project("{9A19103F-16F7-4668-BE54-9A1E7A4F7556}") = "IdentityModel", "src\Identity\Identity.Model\IdentityModel.csproj", "{B5F9D739-8847-43D3-8928-89D1933B4B15}"
EndProject
Project("{E53339B2-1760-4266-BCC7-CA923CBCF16C}") = "docker-compose", "docker-compose\docker-compose.dcproj", "{1FCBE191-34FE-4B2E-8915-CA81553958AD}"
EndProject
Project("{9A19103F-16F7-4668-BE54-9A1E7A4F7556}") = "Infrastructure.SecretManagement.Abstraction", "src\Shared\Infrastructure\Infrastructure.SecretManagement.Abstraction\Infrastructure.SecretManagement.Abstraction.csproj", "{E36AFB84-103B-46D1-9BBD-85D5A6674172}"
EndProject
Project("{9A19103F-16F7-4668-BE54-9A1E7A4F7556}") = "Infrastructure.Common", "src\Shared\Infrastructure\Infrastructure.Common\Infrastructure.Common.csproj", "{7A3FE8BD-398D-43BC-8241-E8BDF1F005A6}"
EndProject
Project("{9A19103F-16F7-4668-BE54-9A1E7A4F7556}") = "Infrastructure.DataManagement.Abstraction", "src\Shared\Infrastructure\Infrastructure.DataManagement.Abstraction\Infrastructure.DataManagement.Abstraction.csproj", "{31FAC0AF-806F-42E3-9492-CE10D6915667}"
EndProject
Project("{9A19103F-16F7-4668-BE54-9A1E7A4F7556}") = "Infrastructure.DataManagement.Postgres", "src\Shared\Infrastructure\Infrastructure.DataManagement.Postgres\Infrastructure.DataManagement.Postgres.csproj", "{71E27ED2-1727-4221-8D72-A81689F7F1B9}"
EndProject
Project("{9A19103F-16F7-4668-BE54-9A1E7A4F7556}") = "Infrastructure.SecretManagement.Vault", "src\Shared\Infrastructure\Infrastructure.SecretManagement.Vault\Infrastructure.SecretManagement.Vault.csproj", "{C3EBDBBF-8114-4D5D-ABB2-E0F72F49CE68}"
EndProject
Project("{9A19103F-16F7-4668-BE54-9A1E7A4F7556}") = "Infrastructure.Http", "src\Shared\Infrastructure\Infrastructure.Http\Infrastructure.Http.csproj", "{10B574F7-43D8-4B0D-ADB4-D8887451A41A}"
EndProject
Project("{E53339B2-1760-4266-BCC7-CA923CBCF16C}") = "kubernetes", "kubernetes\kubernetes.dcproj", "{6A8E308C-2EA5-4D5F-8768-923370363C9F}"
EndProject
Project("{2150E333-8FDC-42A3-9474-1A3956D46DE8}") = "WebApps", "WebApps", "{64FC1769-CF4E-4DC5-BEAD-AF64EC433759}"
EndProject
Project("{9A19103F-16F7-4668-BE54-9A1E7A4F7556}") = "WebApps.Backoffice.UnitTests", "tests\WebApps\WebApps.Backoffice.UnitTests\WebApps.Backoffice.UnitTests.csproj", "{02499C8C-313B-4FD7-B3F3-997408E93BEC}"
EndProject
Project("{9A19103F-16F7-4668-BE54-9A1E7A4F7556}") = "ProductCatalog.Core", "src\ProductCatalog\ProductCatalog.Core\ProductCatalog.Core.csproj", "{B037A67E-5A9F-43D9-A28E-2C74F8BB0F6F}"
EndProject
Project("{9A19103F-16F7-4668-BE54-9A1E7A4F7556}") = "ProductCatalog.Data", "src\ProductCatalog\ProductCatalog.Data\ProductCatalog.Data.csproj", "{E8BCD021-802B-4A54-9355-C3CDC37EE803}"
EndProject
Project("{9A19103F-16F7-4668-BE54-9A1E7A4F7556}") = "ProductCatalog.Application", "src\ProductCatalog\ProductCatalog.Application\ProductCatalog.Application.csproj", "{117F2B2B-F74C-423C-8FFF-F8F0B932506F}"
EndProject
Project("{9A19103F-16F7-4668-BE54-9A1E7A4F7556}") = "ProductCatalog.Api", "src\ProductCatalog\ProductCatalog.Api\ProductCatalog.Api.csproj", "{586FF803-88BD-474C-A3D0-17CDB9C478B7}"
EndProject
Project("{FAE04EC0-301F-11D3-BF4B-00C04F79EFBC}") = "WebApps.RetailAssistant.UnitTests", "tests\WebApps\WebApps.RetailAssistant.UnitTests\WebApps.RetailAssistant.UnitTests.csproj", "{9719D438-2655-4EBE-9BA2-548B41E425E3}"
EndProject
Global
	GlobalSection(SolutionConfigurationPlatforms) = preSolution
		Debug|Any CPU = Debug|Any CPU
		NoVariablesDefault|Any CPU = NoVariablesDefault|Any CPU
		Release|Any CPU = Release|Any CPU
	EndGlobalSection
	GlobalSection(ProjectConfigurationPlatforms) = postSolution
		{CC4C9AB9-CBD4-4B09-8BB2-29A024F79EE8}.Debug|Any CPU.ActiveCfg = Debug|Any CPU
		{CC4C9AB9-CBD4-4B09-8BB2-29A024F79EE8}.Debug|Any CPU.Build.0 = Debug|Any CPU
		{CC4C9AB9-CBD4-4B09-8BB2-29A024F79EE8}.NoVariablesDefault|Any CPU.ActiveCfg = Release|Any CPU
		{CC4C9AB9-CBD4-4B09-8BB2-29A024F79EE8}.NoVariablesDefault|Any CPU.Build.0 = Release|Any CPU
		{CC4C9AB9-CBD4-4B09-8BB2-29A024F79EE8}.Release|Any CPU.ActiveCfg = Release|Any CPU
		{CC4C9AB9-CBD4-4B09-8BB2-29A024F79EE8}.Release|Any CPU.Build.0 = Release|Any CPU
		{32D460A5-1F09-4F8A-AB9B-B2A571A90F76}.Debug|Any CPU.ActiveCfg = Debug|Any CPU
		{32D460A5-1F09-4F8A-AB9B-B2A571A90F76}.Debug|Any CPU.Build.0 = Debug|Any CPU
		{32D460A5-1F09-4F8A-AB9B-B2A571A90F76}.NoVariablesDefault|Any CPU.ActiveCfg = Release|Any CPU
		{32D460A5-1F09-4F8A-AB9B-B2A571A90F76}.NoVariablesDefault|Any CPU.Build.0 = Release|Any CPU
		{32D460A5-1F09-4F8A-AB9B-B2A571A90F76}.Release|Any CPU.ActiveCfg = Release|Any CPU
		{32D460A5-1F09-4F8A-AB9B-B2A571A90F76}.Release|Any CPU.Build.0 = Release|Any CPU
		{08BCA707-8E33-4F82-8897-CF14C42BBF04}.Debug|Any CPU.ActiveCfg = Debug|Any CPU
		{08BCA707-8E33-4F82-8897-CF14C42BBF04}.Debug|Any CPU.Build.0 = Debug|Any CPU
		{08BCA707-8E33-4F82-8897-CF14C42BBF04}.NoVariablesDefault|Any CPU.ActiveCfg = Release|Any CPU
		{08BCA707-8E33-4F82-8897-CF14C42BBF04}.NoVariablesDefault|Any CPU.Build.0 = Release|Any CPU
		{08BCA707-8E33-4F82-8897-CF14C42BBF04}.Release|Any CPU.ActiveCfg = Release|Any CPU
		{08BCA707-8E33-4F82-8897-CF14C42BBF04}.Release|Any CPU.Build.0 = Release|Any CPU
		{0538CDF6-474A-46BA-AE49-A983D3C42C8C}.Debug|Any CPU.ActiveCfg = Debug|Any CPU
		{0538CDF6-474A-46BA-AE49-A983D3C42C8C}.Debug|Any CPU.Build.0 = Debug|Any CPU
		{0538CDF6-474A-46BA-AE49-A983D3C42C8C}.NoVariablesDefault|Any CPU.ActiveCfg = Release|Any CPU
		{0538CDF6-474A-46BA-AE49-A983D3C42C8C}.NoVariablesDefault|Any CPU.Build.0 = Release|Any CPU
		{0538CDF6-474A-46BA-AE49-A983D3C42C8C}.Release|Any CPU.ActiveCfg = Release|Any CPU
		{0538CDF6-474A-46BA-AE49-A983D3C42C8C}.Release|Any CPU.Build.0 = Release|Any CPU
		{88D1F9DD-0E9D-476D-9CC2-78B9CEEE4B98}.Debug|Any CPU.ActiveCfg = Debug|Any CPU
		{88D1F9DD-0E9D-476D-9CC2-78B9CEEE4B98}.Debug|Any CPU.Build.0 = Debug|Any CPU
		{88D1F9DD-0E9D-476D-9CC2-78B9CEEE4B98}.NoVariablesDefault|Any CPU.ActiveCfg = Release|Any CPU
		{88D1F9DD-0E9D-476D-9CC2-78B9CEEE4B98}.NoVariablesDefault|Any CPU.Build.0 = Release|Any CPU
		{88D1F9DD-0E9D-476D-9CC2-78B9CEEE4B98}.Release|Any CPU.ActiveCfg = Release|Any CPU
		{88D1F9DD-0E9D-476D-9CC2-78B9CEEE4B98}.Release|Any CPU.Build.0 = Release|Any CPU
		{790A7E4C-C4D0-4B65-84AF-BFCDB5283D26}.Debug|Any CPU.ActiveCfg = Debug|Any CPU
		{790A7E4C-C4D0-4B65-84AF-BFCDB5283D26}.Debug|Any CPU.Build.0 = Debug|Any CPU
		{790A7E4C-C4D0-4B65-84AF-BFCDB5283D26}.NoVariablesDefault|Any CPU.ActiveCfg = Release|Any CPU
		{790A7E4C-C4D0-4B65-84AF-BFCDB5283D26}.NoVariablesDefault|Any CPU.Build.0 = Release|Any CPU
		{790A7E4C-C4D0-4B65-84AF-BFCDB5283D26}.Release|Any CPU.ActiveCfg = Release|Any CPU
		{790A7E4C-C4D0-4B65-84AF-BFCDB5283D26}.Release|Any CPU.Build.0 = Release|Any CPU
		{D6C27319-83BD-4420-877E-E3FE7C8B07BA}.Debug|Any CPU.ActiveCfg = Debug|Any CPU
		{D6C27319-83BD-4420-877E-E3FE7C8B07BA}.Debug|Any CPU.Build.0 = Debug|Any CPU
		{D6C27319-83BD-4420-877E-E3FE7C8B07BA}.NoVariablesDefault|Any CPU.ActiveCfg = Release|Any CPU
		{D6C27319-83BD-4420-877E-E3FE7C8B07BA}.NoVariablesDefault|Any CPU.Build.0 = Release|Any CPU
		{D6C27319-83BD-4420-877E-E3FE7C8B07BA}.Release|Any CPU.ActiveCfg = Release|Any CPU
		{D6C27319-83BD-4420-877E-E3FE7C8B07BA}.Release|Any CPU.Build.0 = Release|Any CPU
		{8E9DB2C2-DBCF-48A5-B7EE-F92A7E89D903}.Debug|Any CPU.ActiveCfg = Debug|Any CPU
		{8E9DB2C2-DBCF-48A5-B7EE-F92A7E89D903}.Debug|Any CPU.Build.0 = Debug|Any CPU
		{8E9DB2C2-DBCF-48A5-B7EE-F92A7E89D903}.NoVariablesDefault|Any CPU.ActiveCfg = Release|Any CPU
		{8E9DB2C2-DBCF-48A5-B7EE-F92A7E89D903}.NoVariablesDefault|Any CPU.Build.0 = Release|Any CPU
		{8E9DB2C2-DBCF-48A5-B7EE-F92A7E89D903}.Release|Any CPU.ActiveCfg = Release|Any CPU
		{8E9DB2C2-DBCF-48A5-B7EE-F92A7E89D903}.Release|Any CPU.Build.0 = Release|Any CPU
		{06823BE3-86FC-4FF8-9BAA-1BBDFB6A0AC9}.Debug|Any CPU.ActiveCfg = Debug|Any CPU
		{06823BE3-86FC-4FF8-9BAA-1BBDFB6A0AC9}.Debug|Any CPU.Build.0 = Debug|Any CPU
		{06823BE3-86FC-4FF8-9BAA-1BBDFB6A0AC9}.NoVariablesDefault|Any CPU.ActiveCfg = Release|Any CPU
		{06823BE3-86FC-4FF8-9BAA-1BBDFB6A0AC9}.NoVariablesDefault|Any CPU.Build.0 = Release|Any CPU
		{06823BE3-86FC-4FF8-9BAA-1BBDFB6A0AC9}.Release|Any CPU.ActiveCfg = Release|Any CPU
		{06823BE3-86FC-4FF8-9BAA-1BBDFB6A0AC9}.Release|Any CPU.Build.0 = Release|Any CPU
		{7A5CA8A8-EB7E-439F-BE2C-A6BE187E25B4}.Debug|Any CPU.ActiveCfg = Debug|Any CPU
		{7A5CA8A8-EB7E-439F-BE2C-A6BE187E25B4}.Debug|Any CPU.Build.0 = Debug|Any CPU
		{7A5CA8A8-EB7E-439F-BE2C-A6BE187E25B4}.NoVariablesDefault|Any CPU.ActiveCfg = Release|Any CPU
		{7A5CA8A8-EB7E-439F-BE2C-A6BE187E25B4}.NoVariablesDefault|Any CPU.Build.0 = Release|Any CPU
		{7A5CA8A8-EB7E-439F-BE2C-A6BE187E25B4}.Release|Any CPU.ActiveCfg = Release|Any CPU
		{7A5CA8A8-EB7E-439F-BE2C-A6BE187E25B4}.Release|Any CPU.Build.0 = Release|Any CPU
		{436B94CB-26D9-4BBE-A0E3-45FCA4BAA443}.Debug|Any CPU.ActiveCfg = Debug|Any CPU
		{436B94CB-26D9-4BBE-A0E3-45FCA4BAA443}.Debug|Any CPU.Build.0 = Debug|Any CPU
		{436B94CB-26D9-4BBE-A0E3-45FCA4BAA443}.NoVariablesDefault|Any CPU.ActiveCfg = Release|Any CPU
		{436B94CB-26D9-4BBE-A0E3-45FCA4BAA443}.NoVariablesDefault|Any CPU.Build.0 = Release|Any CPU
		{436B94CB-26D9-4BBE-A0E3-45FCA4BAA443}.Release|Any CPU.ActiveCfg = Release|Any CPU
		{436B94CB-26D9-4BBE-A0E3-45FCA4BAA443}.Release|Any CPU.Build.0 = Release|Any CPU
		{93BC84D8-5039-45B1-AF02-26F2FD40A91A}.Debug|Any CPU.ActiveCfg = Debug|Any CPU
		{93BC84D8-5039-45B1-AF02-26F2FD40A91A}.Debug|Any CPU.Build.0 = Debug|Any CPU
		{93BC84D8-5039-45B1-AF02-26F2FD40A91A}.NoVariablesDefault|Any CPU.ActiveCfg = Release|Any CPU
		{93BC84D8-5039-45B1-AF02-26F2FD40A91A}.NoVariablesDefault|Any CPU.Build.0 = Release|Any CPU
		{93BC84D8-5039-45B1-AF02-26F2FD40A91A}.Release|Any CPU.ActiveCfg = Release|Any CPU
		{93BC84D8-5039-45B1-AF02-26F2FD40A91A}.Release|Any CPU.Build.0 = Release|Any CPU
		{CCC4549D-C0DD-4F1A-8D2F-E305696A0D73}.Debug|Any CPU.ActiveCfg = Debug|Any CPU
		{CCC4549D-C0DD-4F1A-8D2F-E305696A0D73}.Debug|Any CPU.Build.0 = Debug|Any CPU
		{CCC4549D-C0DD-4F1A-8D2F-E305696A0D73}.NoVariablesDefault|Any CPU.ActiveCfg = Release|Any CPU
		{CCC4549D-C0DD-4F1A-8D2F-E305696A0D73}.NoVariablesDefault|Any CPU.Build.0 = Release|Any CPU
		{CCC4549D-C0DD-4F1A-8D2F-E305696A0D73}.Release|Any CPU.ActiveCfg = Release|Any CPU
		{CCC4549D-C0DD-4F1A-8D2F-E305696A0D73}.Release|Any CPU.Build.0 = Release|Any CPU
		{63095238-EAAE-4E3A-92F3-8BAC2F24633A}.Debug|Any CPU.ActiveCfg = Debug|Any CPU
		{63095238-EAAE-4E3A-92F3-8BAC2F24633A}.Debug|Any CPU.Build.0 = Debug|Any CPU
		{63095238-EAAE-4E3A-92F3-8BAC2F24633A}.NoVariablesDefault|Any CPU.ActiveCfg = Release|Any CPU
		{63095238-EAAE-4E3A-92F3-8BAC2F24633A}.NoVariablesDefault|Any CPU.Build.0 = Release|Any CPU
		{63095238-EAAE-4E3A-92F3-8BAC2F24633A}.Release|Any CPU.ActiveCfg = Release|Any CPU
		{63095238-EAAE-4E3A-92F3-8BAC2F24633A}.Release|Any CPU.Build.0 = Release|Any CPU
		{5E3AC963-88D7-4BA9-8212-93CF08E78D53}.Debug|Any CPU.ActiveCfg = Debug|Any CPU
		{5E3AC963-88D7-4BA9-8212-93CF08E78D53}.Debug|Any CPU.Build.0 = Debug|Any CPU
		{5E3AC963-88D7-4BA9-8212-93CF08E78D53}.NoVariablesDefault|Any CPU.ActiveCfg = Release|Any CPU
		{5E3AC963-88D7-4BA9-8212-93CF08E78D53}.NoVariablesDefault|Any CPU.Build.0 = Release|Any CPU
		{5E3AC963-88D7-4BA9-8212-93CF08E78D53}.Release|Any CPU.ActiveCfg = Release|Any CPU
		{5E3AC963-88D7-4BA9-8212-93CF08E78D53}.Release|Any CPU.Build.0 = Release|Any CPU
		{9F22633F-7DB6-4A31-84D4-E744415B641A}.Debug|Any CPU.ActiveCfg = Debug|Any CPU
		{9F22633F-7DB6-4A31-84D4-E744415B641A}.Debug|Any CPU.Build.0 = Debug|Any CPU
		{9F22633F-7DB6-4A31-84D4-E744415B641A}.NoVariablesDefault|Any CPU.ActiveCfg = Release|Any CPU
		{9F22633F-7DB6-4A31-84D4-E744415B641A}.NoVariablesDefault|Any CPU.Build.0 = Release|Any CPU
		{9F22633F-7DB6-4A31-84D4-E744415B641A}.Release|Any CPU.ActiveCfg = Release|Any CPU
		{9F22633F-7DB6-4A31-84D4-E744415B641A}.Release|Any CPU.Build.0 = Release|Any CPU
		{8D412583-B465-4DE0-80A8-2F616F6C9956}.Debug|Any CPU.ActiveCfg = Debug|Any CPU
		{8D412583-B465-4DE0-80A8-2F616F6C9956}.Debug|Any CPU.Build.0 = Debug|Any CPU
		{8D412583-B465-4DE0-80A8-2F616F6C9956}.NoVariablesDefault|Any CPU.ActiveCfg = Release|Any CPU
		{8D412583-B465-4DE0-80A8-2F616F6C9956}.NoVariablesDefault|Any CPU.Build.0 = Release|Any CPU
		{8D412583-B465-4DE0-80A8-2F616F6C9956}.Release|Any CPU.ActiveCfg = Release|Any CPU
		{8D412583-B465-4DE0-80A8-2F616F6C9956}.Release|Any CPU.Build.0 = Release|Any CPU
		{C9F2D9A6-9C11-4A82-AAB7-7CED4C923DC4}.Debug|Any CPU.ActiveCfg = Debug|Any CPU
		{C9F2D9A6-9C11-4A82-AAB7-7CED4C923DC4}.Debug|Any CPU.Build.0 = Debug|Any CPU
		{C9F2D9A6-9C11-4A82-AAB7-7CED4C923DC4}.NoVariablesDefault|Any CPU.ActiveCfg = Release|Any CPU
		{C9F2D9A6-9C11-4A82-AAB7-7CED4C923DC4}.NoVariablesDefault|Any CPU.Build.0 = Release|Any CPU
		{C9F2D9A6-9C11-4A82-AAB7-7CED4C923DC4}.Release|Any CPU.ActiveCfg = Release|Any CPU
		{C9F2D9A6-9C11-4A82-AAB7-7CED4C923DC4}.Release|Any CPU.Build.0 = Release|Any CPU
		{C4181027-5F99-4F5B-B330-D17D10D86549}.Debug|Any CPU.ActiveCfg = Debug|Any CPU
		{C4181027-5F99-4F5B-B330-D17D10D86549}.Debug|Any CPU.Build.0 = Debug|Any CPU
		{C4181027-5F99-4F5B-B330-D17D10D86549}.NoVariablesDefault|Any CPU.ActiveCfg = Release|Any CPU
		{C4181027-5F99-4F5B-B330-D17D10D86549}.NoVariablesDefault|Any CPU.Build.0 = Release|Any CPU
		{C4181027-5F99-4F5B-B330-D17D10D86549}.Release|Any CPU.ActiveCfg = Release|Any CPU
		{C4181027-5F99-4F5B-B330-D17D10D86549}.Release|Any CPU.Build.0 = Release|Any CPU
		{167BEE7B-006C-4847-9F0D-02829E5C24F3}.Debug|Any CPU.ActiveCfg = Debug|Any CPU
		{167BEE7B-006C-4847-9F0D-02829E5C24F3}.Debug|Any CPU.Build.0 = Debug|Any CPU
		{167BEE7B-006C-4847-9F0D-02829E5C24F3}.NoVariablesDefault|Any CPU.ActiveCfg = Release|Any CPU
		{167BEE7B-006C-4847-9F0D-02829E5C24F3}.NoVariablesDefault|Any CPU.Build.0 = Release|Any CPU
		{167BEE7B-006C-4847-9F0D-02829E5C24F3}.Release|Any CPU.ActiveCfg = Release|Any CPU
		{167BEE7B-006C-4847-9F0D-02829E5C24F3}.Release|Any CPU.Build.0 = Release|Any CPU
		{3E3BE4A1-BFA7-4364-839C-26B3BC00F6BB}.Debug|Any CPU.ActiveCfg = Debug|Any CPU
		{3E3BE4A1-BFA7-4364-839C-26B3BC00F6BB}.Debug|Any CPU.Build.0 = Debug|Any CPU
		{3E3BE4A1-BFA7-4364-839C-26B3BC00F6BB}.NoVariablesDefault|Any CPU.ActiveCfg = Release|Any CPU
		{3E3BE4A1-BFA7-4364-839C-26B3BC00F6BB}.NoVariablesDefault|Any CPU.Build.0 = Release|Any CPU
		{3E3BE4A1-BFA7-4364-839C-26B3BC00F6BB}.Release|Any CPU.ActiveCfg = Release|Any CPU
		{3E3BE4A1-BFA7-4364-839C-26B3BC00F6BB}.Release|Any CPU.Build.0 = Release|Any CPU
		{D24C51BA-BDDE-40FF-B105-967B07CB71A9}.Debug|Any CPU.ActiveCfg = Debug|Any CPU
		{D24C51BA-BDDE-40FF-B105-967B07CB71A9}.Debug|Any CPU.Build.0 = Debug|Any CPU
		{D24C51BA-BDDE-40FF-B105-967B07CB71A9}.NoVariablesDefault|Any CPU.ActiveCfg = Release|Any CPU
		{D24C51BA-BDDE-40FF-B105-967B07CB71A9}.NoVariablesDefault|Any CPU.Build.0 = Release|Any CPU
		{D24C51BA-BDDE-40FF-B105-967B07CB71A9}.Release|Any CPU.ActiveCfg = Release|Any CPU
		{D24C51BA-BDDE-40FF-B105-967B07CB71A9}.Release|Any CPU.Build.0 = Release|Any CPU
		{0C43CB10-260B-4419-908E-ECFE3B4C7E2A}.Debug|Any CPU.ActiveCfg = Debug|Any CPU
		{0C43CB10-260B-4419-908E-ECFE3B4C7E2A}.Debug|Any CPU.Build.0 = Debug|Any CPU
		{0C43CB10-260B-4419-908E-ECFE3B4C7E2A}.NoVariablesDefault|Any CPU.ActiveCfg = Release|Any CPU
		{0C43CB10-260B-4419-908E-ECFE3B4C7E2A}.NoVariablesDefault|Any CPU.Build.0 = Release|Any CPU
		{0C43CB10-260B-4419-908E-ECFE3B4C7E2A}.Release|Any CPU.ActiveCfg = Release|Any CPU
		{0C43CB10-260B-4419-908E-ECFE3B4C7E2A}.Release|Any CPU.Build.0 = Release|Any CPU
		{B5F9D739-8847-43D3-8928-89D1933B4B15}.Debug|Any CPU.ActiveCfg = Debug|Any CPU
		{B5F9D739-8847-43D3-8928-89D1933B4B15}.Debug|Any CPU.Build.0 = Debug|Any CPU
		{B5F9D739-8847-43D3-8928-89D1933B4B15}.NoVariablesDefault|Any CPU.ActiveCfg = Release|Any CPU
		{B5F9D739-8847-43D3-8928-89D1933B4B15}.NoVariablesDefault|Any CPU.Build.0 = Release|Any CPU
		{B5F9D739-8847-43D3-8928-89D1933B4B15}.Release|Any CPU.ActiveCfg = Release|Any CPU
		{B5F9D739-8847-43D3-8928-89D1933B4B15}.Release|Any CPU.Build.0 = Release|Any CPU
		{1FCBE191-34FE-4B2E-8915-CA81553958AD}.Debug|Any CPU.ActiveCfg = NoVariablesDefault
		{1FCBE191-34FE-4B2E-8915-CA81553958AD}.Debug|Any CPU.Build.0 = NoVariablesDefault
		{1FCBE191-34FE-4B2E-8915-CA81553958AD}.NoVariablesDefault|Any CPU.ActiveCfg = NoVariablesDefault
		{1FCBE191-34FE-4B2E-8915-CA81553958AD}.NoVariablesDefault|Any CPU.Build.0 = NoVariablesDefault
		{1FCBE191-34FE-4B2E-8915-CA81553958AD}.Release|Any CPU.ActiveCfg = NoVariablesDefault
		{E36AFB84-103B-46D1-9BBD-85D5A6674172}.Debug|Any CPU.ActiveCfg = Debug|Any CPU
		{E36AFB84-103B-46D1-9BBD-85D5A6674172}.Debug|Any CPU.Build.0 = Debug|Any CPU
		{E36AFB84-103B-46D1-9BBD-85D5A6674172}.NoVariablesDefault|Any CPU.ActiveCfg = Debug|Any CPU
		{E36AFB84-103B-46D1-9BBD-85D5A6674172}.NoVariablesDefault|Any CPU.Build.0 = Debug|Any CPU
		{E36AFB84-103B-46D1-9BBD-85D5A6674172}.Release|Any CPU.ActiveCfg = Release|Any CPU
		{E36AFB84-103B-46D1-9BBD-85D5A6674172}.Release|Any CPU.Build.0 = Release|Any CPU
		{7A3FE8BD-398D-43BC-8241-E8BDF1F005A6}.Debug|Any CPU.ActiveCfg = Debug|Any CPU
		{7A3FE8BD-398D-43BC-8241-E8BDF1F005A6}.Debug|Any CPU.Build.0 = Debug|Any CPU
		{7A3FE8BD-398D-43BC-8241-E8BDF1F005A6}.NoVariablesDefault|Any CPU.ActiveCfg = Debug|Any CPU
		{7A3FE8BD-398D-43BC-8241-E8BDF1F005A6}.NoVariablesDefault|Any CPU.Build.0 = Debug|Any CPU
		{7A3FE8BD-398D-43BC-8241-E8BDF1F005A6}.Release|Any CPU.ActiveCfg = Release|Any CPU
		{7A3FE8BD-398D-43BC-8241-E8BDF1F005A6}.Release|Any CPU.Build.0 = Release|Any CPU
		{31FAC0AF-806F-42E3-9492-CE10D6915667}.Debug|Any CPU.ActiveCfg = Debug|Any CPU
		{31FAC0AF-806F-42E3-9492-CE10D6915667}.Debug|Any CPU.Build.0 = Debug|Any CPU
		{31FAC0AF-806F-42E3-9492-CE10D6915667}.NoVariablesDefault|Any CPU.ActiveCfg = Debug|Any CPU
		{31FAC0AF-806F-42E3-9492-CE10D6915667}.NoVariablesDefault|Any CPU.Build.0 = Debug|Any CPU
		{31FAC0AF-806F-42E3-9492-CE10D6915667}.Release|Any CPU.ActiveCfg = Release|Any CPU
		{31FAC0AF-806F-42E3-9492-CE10D6915667}.Release|Any CPU.Build.0 = Release|Any CPU
		{71E27ED2-1727-4221-8D72-A81689F7F1B9}.Debug|Any CPU.ActiveCfg = Debug|Any CPU
		{71E27ED2-1727-4221-8D72-A81689F7F1B9}.Debug|Any CPU.Build.0 = Debug|Any CPU
		{71E27ED2-1727-4221-8D72-A81689F7F1B9}.NoVariablesDefault|Any CPU.ActiveCfg = Debug|Any CPU
		{71E27ED2-1727-4221-8D72-A81689F7F1B9}.NoVariablesDefault|Any CPU.Build.0 = Debug|Any CPU
		{71E27ED2-1727-4221-8D72-A81689F7F1B9}.Release|Any CPU.ActiveCfg = Release|Any CPU
		{71E27ED2-1727-4221-8D72-A81689F7F1B9}.Release|Any CPU.Build.0 = Release|Any CPU
		{C3EBDBBF-8114-4D5D-ABB2-E0F72F49CE68}.Debug|Any CPU.ActiveCfg = Debug|Any CPU
		{C3EBDBBF-8114-4D5D-ABB2-E0F72F49CE68}.Debug|Any CPU.Build.0 = Debug|Any CPU
		{C3EBDBBF-8114-4D5D-ABB2-E0F72F49CE68}.NoVariablesDefault|Any CPU.ActiveCfg = Debug|Any CPU
		{C3EBDBBF-8114-4D5D-ABB2-E0F72F49CE68}.NoVariablesDefault|Any CPU.Build.0 = Debug|Any CPU
		{C3EBDBBF-8114-4D5D-ABB2-E0F72F49CE68}.Release|Any CPU.ActiveCfg = Release|Any CPU
		{C3EBDBBF-8114-4D5D-ABB2-E0F72F49CE68}.Release|Any CPU.Build.0 = Release|Any CPU
		{10B574F7-43D8-4B0D-ADB4-D8887451A41A}.Debug|Any CPU.ActiveCfg = Debug|Any CPU
		{10B574F7-43D8-4B0D-ADB4-D8887451A41A}.Debug|Any CPU.Build.0 = Debug|Any CPU
		{10B574F7-43D8-4B0D-ADB4-D8887451A41A}.NoVariablesDefault|Any CPU.ActiveCfg = Debug|Any CPU
		{10B574F7-43D8-4B0D-ADB4-D8887451A41A}.NoVariablesDefault|Any CPU.Build.0 = Debug|Any CPU
		{10B574F7-43D8-4B0D-ADB4-D8887451A41A}.Release|Any CPU.ActiveCfg = Release|Any CPU
		{10B574F7-43D8-4B0D-ADB4-D8887451A41A}.Release|Any CPU.Build.0 = Release|Any CPU
		{6A8E308C-2EA5-4D5F-8768-923370363C9F}.Debug|Any CPU.ActiveCfg = Debug|Any CPU
		{6A8E308C-2EA5-4D5F-8768-923370363C9F}.Debug|Any CPU.Build.0 = Debug|Any CPU
		{6A8E308C-2EA5-4D5F-8768-923370363C9F}.NoVariablesDefault|Any CPU.ActiveCfg = Release|Any CPU
		{6A8E308C-2EA5-4D5F-8768-923370363C9F}.NoVariablesDefault|Any CPU.Build.0 = Release|Any CPU
		{6A8E308C-2EA5-4D5F-8768-923370363C9F}.Release|Any CPU.ActiveCfg = Release|Any CPU
		{6A8E308C-2EA5-4D5F-8768-923370363C9F}.Release|Any CPU.Build.0 = Release|Any CPU
		{02499C8C-313B-4FD7-B3F3-997408E93BEC}.Debug|Any CPU.ActiveCfg = Debug|Any CPU
		{02499C8C-313B-4FD7-B3F3-997408E93BEC}.Debug|Any CPU.Build.0 = Debug|Any CPU
		{02499C8C-313B-4FD7-B3F3-997408E93BEC}.NoVariablesDefault|Any CPU.ActiveCfg = Debug|Any CPU
		{02499C8C-313B-4FD7-B3F3-997408E93BEC}.NoVariablesDefault|Any CPU.Build.0 = Debug|Any CPU
		{02499C8C-313B-4FD7-B3F3-997408E93BEC}.Release|Any CPU.ActiveCfg = Release|Any CPU
		{02499C8C-313B-4FD7-B3F3-997408E93BEC}.Release|Any CPU.Build.0 = Release|Any CPU
		{B037A67E-5A9F-43D9-A28E-2C74F8BB0F6F}.Debug|Any CPU.ActiveCfg = Debug|Any CPU
		{B037A67E-5A9F-43D9-A28E-2C74F8BB0F6F}.Debug|Any CPU.Build.0 = Debug|Any CPU
		{B037A67E-5A9F-43D9-A28E-2C74F8BB0F6F}.NoVariablesDefault|Any CPU.ActiveCfg = Debug|Any CPU
		{B037A67E-5A9F-43D9-A28E-2C74F8BB0F6F}.NoVariablesDefault|Any CPU.Build.0 = Debug|Any CPU
		{B037A67E-5A9F-43D9-A28E-2C74F8BB0F6F}.Release|Any CPU.ActiveCfg = Release|Any CPU
		{B037A67E-5A9F-43D9-A28E-2C74F8BB0F6F}.Release|Any CPU.Build.0 = Release|Any CPU
		{E8BCD021-802B-4A54-9355-C3CDC37EE803}.Debug|Any CPU.ActiveCfg = Debug|Any CPU
		{E8BCD021-802B-4A54-9355-C3CDC37EE803}.Debug|Any CPU.Build.0 = Debug|Any CPU
		{E8BCD021-802B-4A54-9355-C3CDC37EE803}.NoVariablesDefault|Any CPU.ActiveCfg = Debug|Any CPU
		{E8BCD021-802B-4A54-9355-C3CDC37EE803}.NoVariablesDefault|Any CPU.Build.0 = Debug|Any CPU
		{E8BCD021-802B-4A54-9355-C3CDC37EE803}.Release|Any CPU.ActiveCfg = Release|Any CPU
		{E8BCD021-802B-4A54-9355-C3CDC37EE803}.Release|Any CPU.Build.0 = Release|Any CPU
		{117F2B2B-F74C-423C-8FFF-F8F0B932506F}.Debug|Any CPU.ActiveCfg = Debug|Any CPU
		{117F2B2B-F74C-423C-8FFF-F8F0B932506F}.Debug|Any CPU.Build.0 = Debug|Any CPU
		{117F2B2B-F74C-423C-8FFF-F8F0B932506F}.NoVariablesDefault|Any CPU.ActiveCfg = Debug|Any CPU
		{117F2B2B-F74C-423C-8FFF-F8F0B932506F}.NoVariablesDefault|Any CPU.Build.0 = Debug|Any CPU
		{117F2B2B-F74C-423C-8FFF-F8F0B932506F}.Release|Any CPU.ActiveCfg = Release|Any CPU
		{117F2B2B-F74C-423C-8FFF-F8F0B932506F}.Release|Any CPU.Build.0 = Release|Any CPU
		{586FF803-88BD-474C-A3D0-17CDB9C478B7}.Debug|Any CPU.ActiveCfg = Debug|Any CPU
		{586FF803-88BD-474C-A3D0-17CDB9C478B7}.Debug|Any CPU.Build.0 = Debug|Any CPU
		{586FF803-88BD-474C-A3D0-17CDB9C478B7}.NoVariablesDefault|Any CPU.ActiveCfg = Debug|Any CPU
		{586FF803-88BD-474C-A3D0-17CDB9C478B7}.NoVariablesDefault|Any CPU.Build.0 = Debug|Any CPU
		{586FF803-88BD-474C-A3D0-17CDB9C478B7}.Release|Any CPU.ActiveCfg = Release|Any CPU
		{586FF803-88BD-474C-A3D0-17CDB9C478B7}.Release|Any CPU.Build.0 = Release|Any CPU
		{9719D438-2655-4EBE-9BA2-548B41E425E3}.Debug|Any CPU.ActiveCfg = Debug|Any CPU
		{9719D438-2655-4EBE-9BA2-548B41E425E3}.Debug|Any CPU.Build.0 = Debug|Any CPU
		{9719D438-2655-4EBE-9BA2-548B41E425E3}.NoVariablesDefault|Any CPU.ActiveCfg = Debug|Any CPU
		{9719D438-2655-4EBE-9BA2-548B41E425E3}.NoVariablesDefault|Any CPU.Build.0 = Debug|Any CPU
		{9719D438-2655-4EBE-9BA2-548B41E425E3}.Release|Any CPU.ActiveCfg = Release|Any CPU
		{9719D438-2655-4EBE-9BA2-548B41E425E3}.Release|Any CPU.Build.0 = Release|Any CPU
	EndGlobalSection
	GlobalSection(SolutionProperties) = preSolution
		HideSolutionNode = FALSE
	EndGlobalSection
	GlobalSection(NestedProjects) = preSolution
		{8F1A7098-EFF1-4989-938A-F7916E659977} = {419A6ACE-0419-4315-A6FB-B0E63D39432E}
		{FF3B32C7-723F-404B-B81A-DBCDD46754CF} = {BF80B70F-917D-4C88-B8FE-4EE16CA8C203}
		{A378C569-AE07-4439-8D93-B1A595E1467C} = {419A6ACE-0419-4315-A6FB-B0E63D39432E}
		{CC4C9AB9-CBD4-4B09-8BB2-29A024F79EE8} = {A378C569-AE07-4439-8D93-B1A595E1467C}
		{32D460A5-1F09-4F8A-AB9B-B2A571A90F76} = {A378C569-AE07-4439-8D93-B1A595E1467C}
		{7E9A8254-5C6D-4E04-B56D-5A6C5C95305E} = {419A6ACE-0419-4315-A6FB-B0E63D39432E}
		{08BCA707-8E33-4F82-8897-CF14C42BBF04} = {7E9A8254-5C6D-4E04-B56D-5A6C5C95305E}
		{0538CDF6-474A-46BA-AE49-A983D3C42C8C} = {7E9A8254-5C6D-4E04-B56D-5A6C5C95305E}
		{1F46B3C2-941F-416E-985B-069C4461A2D9} = {419A6ACE-0419-4315-A6FB-B0E63D39432E}
		{88D1F9DD-0E9D-476D-9CC2-78B9CEEE4B98} = {1F46B3C2-941F-416E-985B-069C4461A2D9}
		{BE3FB256-472F-4424-B0D2-A31B37EC7229} = {5B8B3789-2B98-494A-A4A0-27FC4CDEB850}
		{790A7E4C-C4D0-4B65-84AF-BFCDB5283D26} = {7E9A8254-5C6D-4E04-B56D-5A6C5C95305E}
		{D6C27319-83BD-4420-877E-E3FE7C8B07BA} = {7E9A8254-5C6D-4E04-B56D-5A6C5C95305E}
		{8E9DB2C2-DBCF-48A5-B7EE-F92A7E89D903} = {6C43795C-E54D-4E98-BF7F-62AE5FC6DD68}
		{06823BE3-86FC-4FF8-9BAA-1BBDFB6A0AC9} = {6C43795C-E54D-4E98-BF7F-62AE5FC6DD68}
		{5B8B3789-2B98-494A-A4A0-27FC4CDEB850} = {419A6ACE-0419-4315-A6FB-B0E63D39432E}
		{7A5CA8A8-EB7E-439F-BE2C-A6BE187E25B4} = {BE3FB256-472F-4424-B0D2-A31B37EC7229}
		{436B94CB-26D9-4BBE-A0E3-45FCA4BAA443} = {BE3FB256-472F-4424-B0D2-A31B37EC7229}
		{93BC84D8-5039-45B1-AF02-26F2FD40A91A} = {BE3FB256-472F-4424-B0D2-A31B37EC7229}
		{CCC4549D-C0DD-4F1A-8D2F-E305696A0D73} = {BE3FB256-472F-4424-B0D2-A31B37EC7229}
		{88950EB9-3765-4099-9F39-F477AEB91572} = {5B8B3789-2B98-494A-A4A0-27FC4CDEB850}
		{6C43795C-E54D-4E98-BF7F-62AE5FC6DD68} = {15EA4737-125B-4E6E-A806-E13B7EBCDCCF}
		{63095238-EAAE-4E3A-92F3-8BAC2F24633A} = {88950EB9-3765-4099-9F39-F477AEB91572}
		{5E3AC963-88D7-4BA9-8212-93CF08E78D53} = {88950EB9-3765-4099-9F39-F477AEB91572}
		{1D640250-392E-4396-93EE-D985DAFBEF7B} = {5B8B3789-2B98-494A-A4A0-27FC4CDEB850}
		{9F22633F-7DB6-4A31-84D4-E744415B641A} = {1D640250-392E-4396-93EE-D985DAFBEF7B}
		{9E9516DF-14A6-4C6B-B45A-EF5A6572EA8A} = {5B8B3789-2B98-494A-A4A0-27FC4CDEB850}
		{8D412583-B465-4DE0-80A8-2F616F6C9956} = {9E9516DF-14A6-4C6B-B45A-EF5A6572EA8A}
		{BF80B70F-917D-4C88-B8FE-4EE16CA8C203} = {419A6ACE-0419-4315-A6FB-B0E63D39432E}
		{C9F2D9A6-9C11-4A82-AAB7-7CED4C923DC4} = {FF3B32C7-723F-404B-B81A-DBCDD46754CF}
		{C4181027-5F99-4F5B-B330-D17D10D86549} = {FF3B32C7-723F-404B-B81A-DBCDD46754CF}
		{167BEE7B-006C-4847-9F0D-02829E5C24F3} = {FF3B32C7-723F-404B-B81A-DBCDD46754CF}
		{1D91FEC3-6E74-4EF7-BBB6-8F70D14AE95D} = {BF80B70F-917D-4C88-B8FE-4EE16CA8C203}
		{3E3BE4A1-BFA7-4364-839C-26B3BC00F6BB} = {1D91FEC3-6E74-4EF7-BBB6-8F70D14AE95D}
		{D24C51BA-BDDE-40FF-B105-967B07CB71A9} = {1D91FEC3-6E74-4EF7-BBB6-8F70D14AE95D}
		{0C43CB10-260B-4419-908E-ECFE3B4C7E2A} = {1D91FEC3-6E74-4EF7-BBB6-8F70D14AE95D}
		{B5F9D739-8847-43D3-8928-89D1933B4B15} = {A378C569-AE07-4439-8D93-B1A595E1467C}
		{E36AFB84-103B-46D1-9BBD-85D5A6674172} = {BE3FB256-472F-4424-B0D2-A31B37EC7229}
		{7A3FE8BD-398D-43BC-8241-E8BDF1F005A6} = {BE3FB256-472F-4424-B0D2-A31B37EC7229}
		{31FAC0AF-806F-42E3-9492-CE10D6915667} = {BE3FB256-472F-4424-B0D2-A31B37EC7229}
		{71E27ED2-1727-4221-8D72-A81689F7F1B9} = {BE3FB256-472F-4424-B0D2-A31B37EC7229}
		{C3EBDBBF-8114-4D5D-ABB2-E0F72F49CE68} = {BE3FB256-472F-4424-B0D2-A31B37EC7229}
		{10B574F7-43D8-4B0D-ADB4-D8887451A41A} = {BE3FB256-472F-4424-B0D2-A31B37EC7229}
		{64FC1769-CF4E-4DC5-BEAD-AF64EC433759} = {15EA4737-125B-4E6E-A806-E13B7EBCDCCF}
		{02499C8C-313B-4FD7-B3F3-997408E93BEC} = {64FC1769-CF4E-4DC5-BEAD-AF64EC433759}
		{B037A67E-5A9F-43D9-A28E-2C74F8BB0F6F} = {8F1A7098-EFF1-4989-938A-F7916E659977}
		{E8BCD021-802B-4A54-9355-C3CDC37EE803} = {8F1A7098-EFF1-4989-938A-F7916E659977}
		{117F2B2B-F74C-423C-8FFF-F8F0B932506F} = {8F1A7098-EFF1-4989-938A-F7916E659977}
		{586FF803-88BD-474C-A3D0-17CDB9C478B7} = {8F1A7098-EFF1-4989-938A-F7916E659977}
		{9719D438-2655-4EBE-9BA2-548B41E425E3} = {64FC1769-CF4E-4DC5-BEAD-AF64EC433759}
	EndGlobalSection
	GlobalSection(ExtensibilityGlobals) = postSolution
		SolutionGuid = {49813262-5DA3-4D61-ABD3-493C74CE8C2B}
	EndGlobalSection
EndGlobal
